{
    "_meta": {
        "hash": {
            "sha256": "7f9f95b02b8d8d62bfc2984a0751956e2728dee162be5ccfedf7fe4ccff05481"
        },
        "pipfile-spec": 6,
        "requires": {
            "python_version": "3.10"
        },
        "sources": [
            {
                "name": "pypi",
                "url": "https://pypi.org/simple",
                "verify_ssl": true
            }
        ]
    },
    "default": {
        "asgiref": {
            "hashes": [
                "sha256:89b2ef2247e3b562a16eef663bc0e2e703ec6468e2fa8a5cd61cd449786d4f6e",
                "sha256:9e0ce3aa93a819ba5b45120216b23878cf6e8525eb3848653452b4192b92afed"
            ],
            "markers": "python_version >= '3.7'",
            "version": "==3.7.2"
        },
        "certifi": {
            "hashes": [
                "sha256:9b469f3a900bf28dc19b8cfbf8019bf47f7fdd1a65a1d4ffb98fc14166beb4d1",
                "sha256:e036ab49d5b79556f99cfc2d9320b34cfbe5be05c5871b51de9329f0603b0474"
            ],
            "markers": "python_version >= '3.6'",
            "version": "==2023.11.17"
        },
        "charset-normalizer": {
            "hashes": [
                "sha256:06435b539f889b1f6f4ac1758871aae42dc3a8c0e24ac9e60c2384973ad73027",
                "sha256:06a81e93cd441c56a9b65d8e1d043daeb97a3d0856d177d5c90ba85acb3db087",
                "sha256:0a55554a2fa0d408816b3b5cedf0045f4b8e1a6065aec45849de2d6f3f8e9786",
                "sha256:0b2b64d2bb6d3fb9112bafa732def486049e63de9618b5843bcdd081d8144cd8",
                "sha256:10955842570876604d404661fbccbc9c7e684caf432c09c715ec38fbae45ae09",
                "sha256:122c7fa62b130ed55f8f285bfd56d5f4b4a5b503609d181f9ad85e55c89f4185",
                "sha256:1ceae2f17a9c33cb48e3263960dc5fc8005351ee19db217e9b1bb15d28c02574",
                "sha256:1d3193f4a680c64b4b6a9115943538edb896edc190f0b222e73761716519268e",
                "sha256:1f79682fbe303db92bc2b1136016a38a42e835d932bab5b3b1bfcfbf0640e519",
                "sha256:2127566c664442652f024c837091890cb1942c30937add288223dc895793f898",
                "sha256:22afcb9f253dac0696b5a4be4a1c0f8762f8239e21b99680099abd9b2b1b2269",
                "sha256:25baf083bf6f6b341f4121c2f3c548875ee6f5339300e08be3f2b2ba1721cdd3",
                "sha256:2e81c7b9c8979ce92ed306c249d46894776a909505d8f5a4ba55b14206e3222f",
                "sha256:3287761bc4ee9e33561a7e058c72ac0938c4f57fe49a09eae428fd88aafe7bb6",
                "sha256:34d1c8da1e78d2e001f363791c98a272bb734000fcef47a491c1e3b0505657a8",
                "sha256:37e55c8e51c236f95b033f6fb391d7d7970ba5fe7ff453dad675e88cf303377a",
                "sha256:3d47fa203a7bd9c5b6cee4736ee84ca03b8ef23193c0d1ca99b5089f72645c73",
                "sha256:3e4d1f6587322d2788836a99c69062fbb091331ec940e02d12d179c1d53e25fc",
                "sha256:42cb296636fcc8b0644486d15c12376cb9fa75443e00fb25de0b8602e64c1714",
                "sha256:45485e01ff4d3630ec0d9617310448a8702f70e9c01906b0d0118bdf9d124cf2",
                "sha256:4a78b2b446bd7c934f5dcedc588903fb2f5eec172f3d29e52a9096a43722adfc",
                "sha256:4ab2fe47fae9e0f9dee8c04187ce5d09f48eabe611be8259444906793ab7cbce",
                "sha256:4d0d1650369165a14e14e1e47b372cfcb31d6ab44e6e33cb2d4e57265290044d",
                "sha256:549a3a73da901d5bc3ce8d24e0600d1fa85524c10287f6004fbab87672bf3e1e",
                "sha256:55086ee1064215781fff39a1af09518bc9255b50d6333f2e4c74ca09fac6a8f6",
                "sha256:572c3763a264ba47b3cf708a44ce965d98555f618ca42c926a9c1616d8f34269",
                "sha256:573f6eac48f4769d667c4442081b1794f52919e7edada77495aaed9236d13a96",
                "sha256:5b4c145409bef602a690e7cfad0a15a55c13320ff7a3ad7ca59c13bb8ba4d45d",
                "sha256:6463effa3186ea09411d50efc7d85360b38d5f09b870c48e4600f63af490e56a",
                "sha256:65f6f63034100ead094b8744b3b97965785388f308a64cf8d7c34f2f2e5be0c4",
                "sha256:663946639d296df6a2bb2aa51b60a2454ca1cb29835324c640dafb5ff2131a77",
                "sha256:6897af51655e3691ff853668779c7bad41579facacf5fd7253b0133308cf000d",
                "sha256:68d1f8a9e9e37c1223b656399be5d6b448dea850bed7d0f87a8311f1ff3dabb0",
                "sha256:6ac7ffc7ad6d040517be39eb591cac5ff87416c2537df6ba3cba3bae290c0fed",
                "sha256:6b3251890fff30ee142c44144871185dbe13b11bab478a88887a639655be1068",
                "sha256:6c4caeef8fa63d06bd437cd4bdcf3ffefe6738fb1b25951440d80dc7df8c03ac",
                "sha256:6ef1d82a3af9d3eecdba2321dc1b3c238245d890843e040e41e470ffa64c3e25",
                "sha256:753f10e867343b4511128c6ed8c82f7bec3bd026875576dfd88483c5c73b2fd8",
                "sha256:7cd13a2e3ddeed6913a65e66e94b51d80a041145a026c27e6bb76c31a853c6ab",
                "sha256:7ed9e526742851e8d5cc9e6cf41427dfc6068d4f5a3bb03659444b4cabf6bc26",
                "sha256:7f04c839ed0b6b98b1a7501a002144b76c18fb1c1850c8b98d458ac269e26ed2",
                "sha256:802fe99cca7457642125a8a88a084cef28ff0cf9407060f7b93dca5aa25480db",
                "sha256:80402cd6ee291dcb72644d6eac93785fe2c8b9cb30893c1af5b8fdd753b9d40f",
                "sha256:8465322196c8b4d7ab6d1e049e4c5cb460d0394da4a27d23cc242fbf0034b6b5",
                "sha256:86216b5cee4b06df986d214f664305142d9c76df9b6512be2738aa72a2048f99",
                "sha256:87d1351268731db79e0f8e745d92493ee2841c974128ef629dc518b937d9194c",
                "sha256:8bdb58ff7ba23002a4c5808d608e4e6c687175724f54a5dade5fa8c67b604e4d",
                "sha256:8c622a5fe39a48f78944a87d4fb8a53ee07344641b0562c540d840748571b811",
                "sha256:8d756e44e94489e49571086ef83b2bb8ce311e730092d2c34ca8f7d925cb20aa",
                "sha256:8f4a014bc36d3c57402e2977dada34f9c12300af536839dc38c0beab8878f38a",
                "sha256:9063e24fdb1e498ab71cb7419e24622516c4a04476b17a2dab57e8baa30d6e03",
                "sha256:90d558489962fd4918143277a773316e56c72da56ec7aa3dc3dbbe20fdfed15b",
                "sha256:923c0c831b7cfcb071580d3f46c4baf50f174be571576556269530f4bbd79d04",
                "sha256:95f2a5796329323b8f0512e09dbb7a1860c46a39da62ecb2324f116fa8fdc85c",
                "sha256:96b02a3dc4381e5494fad39be677abcb5e6634bf7b4fa83a6dd3112607547001",
                "sha256:9f96df6923e21816da7e0ad3fd47dd8f94b2a5ce594e00677c0013018b813458",
                "sha256:a10af20b82360ab00827f916a6058451b723b4e65030c5a18577c8b2de5b3389",
                "sha256:a50aebfa173e157099939b17f18600f72f84eed3049e743b68ad15bd69b6bf99",
                "sha256:a981a536974bbc7a512cf44ed14938cf01030a99e9b3a06dd59578882f06f985",
                "sha256:a9a8e9031d613fd2009c182b69c7b2c1ef8239a0efb1df3f7c8da66d5dd3d537",
                "sha256:ae5f4161f18c61806f411a13b0310bea87f987c7d2ecdbdaad0e94eb2e404238",
                "sha256:aed38f6e4fb3f5d6bf81bfa990a07806be9d83cf7bacef998ab1a9bd660a581f",
                "sha256:b01b88d45a6fcb69667cd6d2f7a9aeb4bf53760d7fc536bf679ec94fe9f3ff3d",
                "sha256:b261ccdec7821281dade748d088bb6e9b69e6d15b30652b74cbbac25e280b796",
                "sha256:b2b0a0c0517616b6869869f8c581d4eb2dd83a4d79e0ebcb7d373ef9956aeb0a",
                "sha256:b4a23f61ce87adf89be746c8a8974fe1c823c891d8f86eb218bb957c924bb143",
                "sha256:bd8f7df7d12c2db9fab40bdd87a7c09b1530128315d047a086fa3ae3435cb3a8",
                "sha256:beb58fe5cdb101e3a055192ac291b7a21e3b7ef4f67fa1d74e331a7f2124341c",
                "sha256:c002b4ffc0be611f0d9da932eb0f704fe2602a9a949d1f738e4c34c75b0863d5",
                "sha256:c083af607d2515612056a31f0a8d9e0fcb5876b7bfc0abad3ecd275bc4ebc2d5",
                "sha256:c180f51afb394e165eafe4ac2936a14bee3eb10debc9d9e4db8958fe36afe711",
                "sha256:c235ebd9baae02f1b77bcea61bce332cb4331dc3617d254df3323aa01ab47bd4",
                "sha256:cd70574b12bb8a4d2aaa0094515df2463cb429d8536cfb6c7ce983246983e5a6",
                "sha256:d0eccceffcb53201b5bfebb52600a5fb483a20b61da9dbc885f8b103cbe7598c",
                "sha256:d965bba47ddeec8cd560687584e88cf699fd28f192ceb452d1d7ee807c5597b7",
                "sha256:db364eca23f876da6f9e16c9da0df51aa4f104a972735574842618b8c6d999d4",
                "sha256:ddbb2551d7e0102e7252db79ba445cdab71b26640817ab1e3e3648dad515003b",
                "sha256:deb6be0ac38ece9ba87dea880e438f25ca3eddfac8b002a2ec3d9183a454e8ae",
                "sha256:e06ed3eb3218bc64786f7db41917d4e686cc4856944f53d5bdf83a6884432e12",
                "sha256:e27ad930a842b4c5eb8ac0016b0a54f5aebbe679340c26101df33424142c143c",
                "sha256:e537484df0d8f426ce2afb2d0f8e1c3d0b114b83f8850e5f2fbea0e797bd82ae",
                "sha256:eb00ed941194665c332bf8e078baf037d6c35d7c4f3102ea2d4f16ca94a26dc8",
                "sha256:eb6904c354526e758fda7167b33005998fb68c46fbc10e013ca97f21ca5c8887",
                "sha256:eb8821e09e916165e160797a6c17edda0679379a4be5c716c260e836e122f54b",
                "sha256:efcb3f6676480691518c177e3b465bcddf57cea040302f9f4e6e191af91174d4",
                "sha256:f27273b60488abe721a075bcca6d7f3964f9f6f067c8c4c605743023d7d3944f",
                "sha256:f30c3cb33b24454a82faecaf01b19c18562b1e89558fb6c56de4d9118a032fd5",
                "sha256:fb69256e180cb6c8a894fee62b3afebae785babc1ee98b81cdf68bbca1987f33",
                "sha256:fd1abc0d89e30cc4e02e4064dc67fcc51bd941eb395c502aac3ec19fab46b519",
                "sha256:ff8fa367d09b717b2a17a052544193ad76cd49979c805768879cb63d9ca50561"
            ],
            "markers": "python_full_version >= '3.7.0'",
            "version": "==3.3.2"
        },
        "django": {
            "hashes": [
                "sha256:8c8659665bc6e3a44fefe1ab0a291e5a3fb3979f9a8230be29de975e57e8f854",
                "sha256:f47a37a90b9bbe2c8ec360235192c7fddfdc832206fcf618bb849b39256affc1"
            ],
            "index": "pypi",
            "markers": "python_version >= '3.10'",
            "version": "==5.0.1"
        },
        "idna": {
            "hashes": [
                "sha256:9ecdbbd083b06798ae1e86adcbfe8ab1479cf864e4ee30fe4e46a003d12491ca",
                "sha256:c05567e9c24a6b9faaa835c4821bad0590fbb9d5779e7caa6e1cc4978e7eb24f"
            ],
            "markers": "python_version >= '3.5'",
            "version": "==3.6"
        },
        "numpy": {
            "hashes": [
                "sha256:02f98011ba4ab17f46f80f7f8f1c291ee7d855fcef0a5a98db80767a468c85cd",
                "sha256:0b7e807d6888da0db6e7e75838444d62495e2b588b99e90dd80c3459594e857b",
                "sha256:12c70ac274b32bc00c7f61b515126c9205323703abb99cd41836e8125ea0043e",
                "sha256:1666f634cb3c80ccbd77ec97bc17337718f56d6658acf5d3b906ca03e90ce87f",
                "sha256:18c3319a7d39b2c6a9e3bb75aab2304ab79a811ac0168a671a62e6346c29b03f",
                "sha256:211ddd1e94817ed2d175b60b6374120244a4dd2287f4ece45d49228b4d529178",
                "sha256:21a9484e75ad018974a2fdaa216524d64ed4212e418e0a551a2d83403b0531d3",
                "sha256:39763aee6dfdd4878032361b30b2b12593fb445ddb66bbac802e2113eb8a6ac4",
                "sha256:3c67423b3703f8fbd90f5adaa37f85b5794d3366948efe9a5190a5f3a83fc34e",
                "sha256:46f47ee566d98849323f01b349d58f2557f02167ee301e5e28809a8c0e27a2d0",
                "sha256:51c7f1b344f302067b02e0f5b5d2daa9ed4a721cf49f070280ac202738ea7f00",
                "sha256:5f24750ef94d56ce6e33e4019a8a4d68cfdb1ef661a52cdaee628a56d2437419",
                "sha256:697df43e2b6310ecc9d95f05d5ef20eacc09c7c4ecc9da3f235d39e71b7da1e4",
                "sha256:6d45b3ec2faed4baca41c76617fcdcfa4f684ff7a151ce6fc78ad3b6e85af0a6",
                "sha256:77810ef29e0fb1d289d225cabb9ee6cf4d11978a00bb99f7f8ec2132a84e0166",
                "sha256:7ca4f24341df071877849eb2034948459ce3a07915c2734f1abb4018d9c49d7b",
                "sha256:7f784e13e598e9594750b2ef6729bcd5a47f6cfe4a12cca13def35e06d8163e3",
                "sha256:806dd64230dbbfaca8a27faa64e2f414bf1c6622ab78cc4264f7f5f028fee3bf",
                "sha256:867e3644e208c8922a3be26fc6bbf112a035f50f0a86497f98f228c50c607bb2",
                "sha256:8c66d6fec467e8c0f975818c1796d25c53521124b7cfb760114be0abad53a0a2",
                "sha256:8ed07a90f5450d99dad60d3799f9c03c6566709bd53b497eb9ccad9a55867f36",
                "sha256:9bc6d1a7f8cedd519c4b7b1156d98e051b726bf160715b769106661d567b3f03",
                "sha256:9e1591f6ae98bcfac2a4bbf9221c0b92ab49762228f38287f6eeb5f3f55905ce",
                "sha256:9e87562b91f68dd8b1c39149d0323b42e0082db7ddb8e934ab4c292094d575d6",
                "sha256:a7081fd19a6d573e1a05e600c82a1c421011db7935ed0d5c483e9dd96b99cf13",
                "sha256:a8474703bffc65ca15853d5fd4d06b18138ae90c17c8d12169968e998e448bb5",
                "sha256:af36e0aa45e25c9f57bf684b1175e59ea05d9a7d3e8e87b7ae1a1da246f2767e",
                "sha256:b1240f767f69d7c4c8a29adde2310b871153df9b26b5cb2b54a561ac85146485",
                "sha256:b4d362e17bcb0011738c2d83e0a65ea8ce627057b2fdda37678f4374a382a137",
                "sha256:b831295e5472954104ecb46cd98c08b98b49c69fdb7040483aff799a755a7374",
                "sha256:b8c275f0ae90069496068c714387b4a0eba5d531aace269559ff2b43655edd58",
                "sha256:bdd2b45bf079d9ad90377048e2747a0c82351989a2165821f0c96831b4a2a54b",
                "sha256:cc0743f0302b94f397a4a65a660d4cd24267439eb16493fb3caad2e4389bccbb",
                "sha256:da4b0c6c699a0ad73c810736303f7fbae483bcb012e38d7eb06a5e3b432c981b",
                "sha256:f25e2811a9c932e43943a2615e65fc487a0b6b49218899e62e426e7f0a57eeda",
                "sha256:f73497e8c38295aaa4741bdfa4fda1a5aedda5473074369eca10626835445511"
            ],
            "markers": "python_version >= '3.10'",
            "version": "==1.26.3"
        },
        "opencv-python": {
            "hashes": [
                "sha256:1a9f0e6267de3a1a1db0c54213d022c7c8b5b9ca4b580e80bdc58516c922c9e1",
                "sha256:3f16f08e02b2a2da44259c7cc712e779eff1dd8b55fdb0323e8cab09548086c0",
                "sha256:71dfb9555ccccdd77305fc3dcca5897fbf0cf28b297c51ee55e079c065d812a3",
                "sha256:7b34a52e9da36dda8c151c6394aed602e4b17fa041df0b9f5b93ae10b0fcca2a",
                "sha256:7e5f7aa4486651a6ebfa8ed4b594b65bd2d2f41beeb4241a3e4b1b85acbbbadb",
                "sha256:dcf000c36dd1651118a2462257e3a9e76db789a78432e1f303c7bac54f63ef6c",
                "sha256:e4088cab82b66a3b37ffc452976b14a3c599269c247895ae9ceb4066d8188a57"
            ],
            "index": "pypi",
            "markers": "python_version >= '3.6'",
            "version": "==4.9.0.80"
        },
        "pillow": {
            "hashes": [
                "sha256:0304004f8067386b477d20a518b50f3fa658a28d44e4116970abfcd94fac34a8",
                "sha256:0689b5a8c5288bc0504d9fcee48f61a6a586b9b98514d7d29b840143d6734f39",
                "sha256:0eae2073305f451d8ecacb5474997c08569fb4eb4ac231ffa4ad7d342fdc25ac",
                "sha256:0fb3e7fc88a14eacd303e90481ad983fd5b69c761e9e6ef94c983f91025da869",
                "sha256:11fa2e5984b949b0dd6d7a94d967743d87c577ff0b83392f17cb3990d0d2fd6e",
                "sha256:127cee571038f252a552760076407f9cff79761c3d436a12af6000cd182a9d04",
                "sha256:154e939c5f0053a383de4fd3d3da48d9427a7e985f58af8e94d0b3c9fcfcf4f9",
                "sha256:15587643b9e5eb26c48e49a7b33659790d28f190fc514a322d55da2fb5c2950e",
                "sha256:170aeb00224ab3dc54230c797f8404507240dd868cf52066f66a41b33169bdbe",
                "sha256:1b5e1b74d1bd1b78bc3477528919414874748dd363e6272efd5abf7654e68bef",
                "sha256:1da3b2703afd040cf65ec97efea81cfba59cdbed9c11d8efc5ab09df9509fc56",
                "sha256:1e23412b5c41e58cec602f1135c57dfcf15482013ce6e5f093a86db69646a5aa",
                "sha256:2247178effb34a77c11c0e8ac355c7a741ceca0a732b27bf11e747bbc950722f",
                "sha256:257d8788df5ca62c980314053197f4d46eefedf4e6175bc9412f14412ec4ea2f",
                "sha256:3031709084b6e7852d00479fd1d310b07d0ba82765f973b543c8af5061cf990e",
                "sha256:322209c642aabdd6207517e9739c704dc9f9db943015535783239022002f054a",
                "sha256:322bdf3c9b556e9ffb18f93462e5f749d3444ce081290352c6070d014c93feb2",
                "sha256:33870dc4653c5017bf4c8873e5488d8f8d5f8935e2f1fb9a2208c47cdd66efd2",
                "sha256:35bb52c37f256f662abdfa49d2dfa6ce5d93281d323a9af377a120e89a9eafb5",
                "sha256:3c31822339516fb3c82d03f30e22b1d038da87ef27b6a78c9549888f8ceda39a",
                "sha256:3eedd52442c0a5ff4f887fab0c1c0bb164d8635b32c894bc1faf4c618dd89df2",
                "sha256:3ff074fc97dd4e80543a3e91f69d58889baf2002b6be64347ea8cf5533188213",
                "sha256:47c0995fc4e7f79b5cfcab1fc437ff2890b770440f7696a3ba065ee0fd496563",
                "sha256:49d9ba1ed0ef3e061088cd1e7538a0759aab559e2e0a80a36f9fd9d8c0c21591",
                "sha256:51f1a1bffc50e2e9492e87d8e09a17c5eea8409cda8d3f277eb6edc82813c17c",
                "sha256:52a50aa3fb3acb9cf7213573ef55d31d6eca37f5709c69e6858fe3bc04a5c2a2",
                "sha256:54f1852cd531aa981bc0965b7d609f5f6cc8ce8c41b1139f6ed6b3c54ab82bfb",
                "sha256:609448742444d9290fd687940ac0b57fb35e6fd92bdb65386e08e99af60bf757",
                "sha256:69ffdd6120a4737710a9eee73e1d2e37db89b620f702754b8f6e62594471dee0",
                "sha256:6fad5ff2f13d69b7e74ce5b4ecd12cc0ec530fcee76356cac6742785ff71c452",
                "sha256:7049e301399273a0136ff39b84c3678e314f2158f50f517bc50285fb5ec847ad",
                "sha256:70c61d4c475835a19b3a5aa42492409878bbca7438554a1f89d20d58a7c75c01",
                "sha256:716d30ed977be8b37d3ef185fecb9e5a1d62d110dfbdcd1e2a122ab46fddb03f",
                "sha256:753cd8f2086b2b80180d9b3010dd4ed147efc167c90d3bf593fe2af21265e5a5",
                "sha256:773efe0603db30c281521a7c0214cad7836c03b8ccff897beae9b47c0b657d61",
                "sha256:7823bdd049099efa16e4246bdf15e5a13dbb18a51b68fa06d6c1d4d8b99a796e",
                "sha256:7c8f97e8e7a9009bcacbe3766a36175056c12f9a44e6e6f2d5caad06dcfbf03b",
                "sha256:823ef7a27cf86df6597fa0671066c1b596f69eba53efa3d1e1cb8b30f3533068",
                "sha256:8373c6c251f7ef8bda6675dd6d2b3a0fcc31edf1201266b5cf608b62a37407f9",
                "sha256:83b2021f2ade7d1ed556bc50a399127d7fb245e725aa0113ebd05cfe88aaf588",
                "sha256:870ea1ada0899fd0b79643990809323b389d4d1d46c192f97342eeb6ee0b8483",
                "sha256:8d12251f02d69d8310b046e82572ed486685c38f02176bd08baf216746eb947f",
                "sha256:9c23f307202661071d94b5e384e1e1dc7dfb972a28a2310e4ee16103e66ddb67",
                "sha256:9d189550615b4948f45252d7f005e53c2040cea1af5b60d6f79491a6e147eef7",
                "sha256:a086c2af425c5f62a65e12fbf385f7c9fcb8f107d0849dba5839461a129cf311",
                "sha256:a2b56ba36e05f973d450582fb015594aaa78834fefe8dfb8fcd79b93e64ba4c6",
                "sha256:aebb6044806f2e16ecc07b2a2637ee1ef67a11840a66752751714a0d924adf72",
                "sha256:b1b3020d90c2d8e1dae29cf3ce54f8094f7938460fb5ce8bc5c01450b01fbaf6",
                "sha256:b4b6b1e20608493548b1f32bce8cca185bf0480983890403d3b8753e44077129",
                "sha256:b6f491cdf80ae540738859d9766783e3b3c8e5bd37f5dfa0b76abdecc5081f13",
                "sha256:b792a349405fbc0163190fde0dc7b3fef3c9268292586cf5645598b48e63dc67",
                "sha256:b7c2286c23cd350b80d2fc9d424fc797575fb16f854b831d16fd47ceec078f2c",
                "sha256:babf5acfede515f176833ed6028754cbcd0d206f7f614ea3447d67c33be12516",
                "sha256:c365fd1703040de1ec284b176d6af5abe21b427cb3a5ff68e0759e1e313a5e7e",
                "sha256:c4225f5220f46b2fde568c74fca27ae9771536c2e29d7c04f4fb62c83275ac4e",
                "sha256:c570f24be1e468e3f0ce7ef56a89a60f0e05b30a3669a459e419c6eac2c35364",
                "sha256:c6dafac9e0f2b3c78df97e79af707cdc5ef8e88208d686a4847bab8266870023",
                "sha256:c8de2789052ed501dd829e9cae8d3dcce7acb4777ea4a479c14521c942d395b1",
                "sha256:cb28c753fd5eb3dd859b4ee95de66cc62af91bcff5db5f2571d32a520baf1f04",
                "sha256:cb4c38abeef13c61d6916f264d4845fab99d7b711be96c326b84df9e3e0ff62d",
                "sha256:d1b35bcd6c5543b9cb547dee3150c93008f8dd0f1fef78fc0cd2b141c5baf58a",
                "sha256:d8e6aeb9201e655354b3ad049cb77d19813ad4ece0df1249d3c793de3774f8c7",
                "sha256:d8ecd059fdaf60c1963c58ceb8997b32e9dc1b911f5da5307aab614f1ce5c2fb",
                "sha256:da2b52b37dad6d9ec64e653637a096905b258d2fc2b984c41ae7d08b938a67e4",
                "sha256:e87f0b2c78157e12d7686b27d63c070fd65d994e8ddae6f328e0dcf4a0cd007e",
                "sha256:edca80cbfb2b68d7b56930b84a0e45ae1694aeba0541f798e908a49d66b837f1",
                "sha256:f379abd2f1e3dddb2b61bc67977a6b5a0a3f7485538bcc6f39ec76163891ee48",
                "sha256:fe4c15f6c9285dc54ce6553a3ce908ed37c8f3825b5a51a15c91442bb955b868"
            ],
            "index": "pypi",
            "markers": "python_version >= '3.8'",
            "version": "==10.2.0"
        },
        "pybase64": {
            "hashes": [
                "sha256:025b613650939d618a4aef5473137bacc3346a71ed82e947551816e2bb06987f",
                "sha256:03b1d733116cf6f77ad7c3b286b793ed0fbb8363d2e4a031bd3d120dcbdbe9c7",
                "sha256:059d326412e5dbd786065dc525dbc53fc24656b3327de7ab70af41d432561a2f",
                "sha256:06d919d1279825e757a53b80396306c54c2512cf3169567746c7768fb68b7cee",
                "sha256:06fc379c0bbb03ce12afbcb11c1dd89943dc297d2eb7f38f17da86567c1e2da9",
                "sha256:0784181bf9368842ae9ff12c68c452e9ed6aeadb459b8e675201f4e4ba2444ff",
                "sha256:085f0d8b7e593f5374f32483e5dcf543715a9a9fc1ea310f8d2ed664dabf7cdb",
                "sha256:0a0dcd173c7d4d1e971c94e15a246a4445955b0686e1488e78d18c05d3b71d9a",
                "sha256:0b54d33adca9e96408dc8ecabf7f880bb86ce15c7e2e00e3919e8b45e6e0ec07",
                "sha256:0b5f570f0d52a4d21c1adc762552a4aa0f9e8bc92f9ecd6b6b69c833eedfe8b9",
                "sha256:0bf75f63bc16b68152ac31b552a09313dc54c2dca171a7a8c27f4505a8e91104",
                "sha256:0f07fb1f4884acc86272d7fe93f0475c85632d38806e03c69a03188b4367edec",
                "sha256:11114b6b3c7f4d6668b20b473fae88a92214389a86bda3c98914c8a2fa376556",
                "sha256:11b4971af5aa3926115cdacc7e837d018c6cc9b6cfe0b93c839c29a0af5be2b2",
                "sha256:15b844e29b6bb08949ffb07021383e3182e6651436708130d1d528e42aeacab5",
                "sha256:19f3a2ade62217ee42e36b43d781589b9e265556191c30b72cf05f3f64aa9f2f",
                "sha256:1aef411095a3e53ecb232da05cce23518230bbf40b3b4b633b11b98d0f0c5621",
                "sha256:1b722174c06c204dff14852f3a968ee448698cf9af0c0c31a5d15343ccb19ef3",
                "sha256:1d67fdb1ef66f154d2d116a1e74fb4f60a3812cc43fd0907dd9fc05526fae763",
                "sha256:1da5c376605397e1ff862ec414151eac183af7bd4843527022739144b302b8a9",
                "sha256:1e427957de7428446820a227bf483a3bca0351473e9ff3bbd831fca95f814a35",
                "sha256:1e52cd080d22960491688b0512d11108da58e8a3e0a28756afef4d201399f932",
                "sha256:1f65c78b257beda1579d01836b27a89bc2f526b047998d328f010ecd078b73ee",
                "sha256:21ddd131cf0bbf0ff18138089268fa9e658b205ac9b31cb9fabae6b16b31e2ff",
                "sha256:227e1b6c31d5306ba2820680b61ba7739fbc92a46ba1c6335d4e9abeff2338da",
                "sha256:266466931e324706eee0c3a12d032ae8b80d1b3895e17686c41176755c7c3684",
                "sha256:26f3153652bf4da3f7e634f13d44c4bb48b780551a6abd8f98d54745d3a83404",
                "sha256:2758adcbebd18fefb325a2c2caa6698a9ede6dee3dd97439cc17e9354bceb8bb",
                "sha256:28591a028683dec543b5e9573ecad97ff72aa74c94b0ec62d0ee9c82cda8fa38",
                "sha256:28e3ec4f74042352a85efb3c19ed9b115ff968bd16cc916a7fd70e6ae99cf67d",
                "sha256:2c07669c87f66a164aba142cd812f1efb84b8bbb616c2cc35a28bd5c66d6414b",
                "sha256:2fecde2c7d2bec98f585b57d33a48a54deaeb7dfc01df11e67926d44ddbdb235",
                "sha256:31b796e74d691ee75903e38cc6008bfa9163c80814c148b71efb43473ee406ed",
                "sha256:32ef993c55821dac9abd767ee4656a5013b2ed8bf1125cabbae7e84d2b991038",
                "sha256:33f11c42ce14fbb2eeb41b76b6f4f7acfdd970c16a609ae0a26fa283761f06f3",
                "sha256:349c3b6705ab7fd1f94c042d03482c66ff819274d3642ee6f7ec6978553da7b3",
                "sha256:3f038d3da111399a4246bc3f9c588956bc666e48192281759b9d310c423fcbcb",
                "sha256:3f89501c77883568612d9133be6684e36d60c098f30f4d5d6844d3130757c961",
                "sha256:41a177b58e3b2dbb93fe03c6aa14798142e1cd16ae0257cb844c44e42cd25144",
                "sha256:47afc5ae22fef448142db84f0cf631fe9f86160055f018f9002f816a3b63ef15",
                "sha256:48292d202b134ec320e6ec2212199f8a5ea3b58ae83cba2b30201040e7733904",
                "sha256:4876c26f59c1ed4e1d63f947cefd5536a3511f74bc3c85afeaf81f75bcd21ff3",
                "sha256:48f778c3bf3080d4a6230cd65eb06f0c0d3e05bb587fa7910db60e99815958a4",
                "sha256:4ae3659c92447d229fd272a90d215b0b3defe88c16ce5be784c8ecff77b4e2b4",
                "sha256:4f8c20fb576bc9b54b547da8b3ce26e43e2447983d67197e13bc21e6874ed8ef",
                "sha256:5126e7f0d53ce17e004439e928b3a4212a11f31d91b03c56408d2b385570eada",
                "sha256:5ba5ab04d84db9963610bcada4a46bf654b12ea7934795c2781667c1694ae60d",
                "sha256:5f6a6b9dbb8257de1aac18c7b25e0d8849f3016a067743124e18de436e930f00",
                "sha256:609b5c1fe84251b519e5f7e5c73c25635f4b722243b36f9aefe98a27d8b96938",
                "sha256:651c4e07c507f7756179aa75de3b1b802346a195fa40991c75ced57da45ba761",
                "sha256:6f3188bfa49e4bd27a7bf120d17da891ad4d190be44e45aca0abb95c4b7ab656",
                "sha256:71b65b78197ed6bc009cb84418a484ecc568dafc9329d4bac90b8eff21ca8cb4",
                "sha256:72d7044ea0137a9f8936b65f40817490fc2dab34fa7715f60034f8fca556748d",
                "sha256:736b0163926b2eb4e592dee7b41f89a29c2d3d0bcf93cb34fa9b84cfff948258",
                "sha256:755377cf87e76d7b48d7ff8d5814e114e9f153f22ae2636b5a875189824cf4ff",
                "sha256:76662aa43a7a3d8ae2d51779c5a223fbaa4fa07925dead4c234316fc938084c2",
                "sha256:7a919d5129a543033a40cce7c4d26760953bb0108c1550b99961d7497131c60f",
                "sha256:7b6358d0cc13f3d1764cccdce0af563ec6abc79835fa7f25d1b7aa45da6393e4",
                "sha256:7bc5fc155935fd0d204bed726507aa04f7ef49885a79b93c347037c437fa45a3",
                "sha256:7f5c52598f4cb2c45f15cba9c823f3af469408837dea2cb105b53a0cce862b0b",
                "sha256:812f2f8264a7f5e6bbb7605e0df9a2f827cfe2af994b92353bd4183480338104",
                "sha256:81cd93debccda870834adadca7c7923bd5c276e1ef544cf62ee9a5d1c4045f68",
                "sha256:879a41a64713068bfad2d6bc7c522b8f697527446658df97d061e79e5bb3c45c",
                "sha256:88ca827cc2fca05b22e61bfebbe5ba85e9fb5d4ce5c376ad630a52b30bf20456",
                "sha256:894415376efe88f9a22d45b6bfc06d9d594daac76c2acab3655afe3225987d37",
                "sha256:8bf72833e16eae9e44ae46409b9a32a030bb5e26bc5cf4413dc74241cf2e845a",
                "sha256:8c1dabbcfbc09d2cd41b02f0c9caaa5afc9282855b4b32451cb03af3fc5ff6ff",
                "sha256:915c4eb35bc339f100749856eac74a145639ea7c2bb7b83e5a14d4ef70c6af7a",
                "sha256:91da83c784f86254eb05c1aa134b91952f90c82e336bbbc54d59d15af8023f1f",
                "sha256:9499f665dcc86713332e5759b1552d141b6d4770da4206094b869eb7c001337c",
                "sha256:951a32cb5d280a0ffd50d9dfd74af2d66e9ba6a052200f7b42ab57efd3da4230",
                "sha256:9622442f217bd2ec12d4188eb942a3210b0a5bdb9e295e252cca099a703001ce",
                "sha256:98b186d0f3cad2ac164970e3a68a6a46c6b9c5c3f3c4d925f6181883d2a62470",
                "sha256:9af3f1700b4bdac7a3dfd3242af14d30b87e21e5940d95430c7ad576c79be101",
                "sha256:9bc5f4866a6b9940bd10a5a1f8be139bb46728b40c48c5af8dd590eb170e8fb1",
                "sha256:9ca4bb2efce3de2179adf57dafe2a7f7cf5dcc5361d04f9a2e8c58e93cca6741",
                "sha256:9cd58fc35b81ccf647ae2d570fc957182b3a3b3f9b48b1f1d6d97e8cebd4c8d6",
                "sha256:9ef6f22fc4223c8fd92cce2bf2d5fb4e26940319dec28ed5ac0e525076df2068",
                "sha256:a19312ced969d8f7b712ed3201fcf803eefdf882891977037596391ab11da26b",
                "sha256:a52a28b1f7b1f8a28c960637ec5c6e7fd90dadd5958b6c52632db704b6fa01a3",
                "sha256:a6f34260036cd94b83c450dadb0d9316cdd468dfddd0aadb20837cb7f3e4b3d4",
                "sha256:af4688d8554b7b0f20e3cd4cb167eab62d2b8886683f26b634301ac259b6c1f4",
                "sha256:b95141be248c37a055deac1730d41f2a1715d41355a330b44738b2e4d3de28b8",
                "sha256:b9c919d38e70b7047f92210de8571422d7ba9df7fb74e35ae43be6e08c6842c9",
                "sha256:b9d45188090f5af2948baab32624f8da87d569fa27f769b05264554c54be1f49",
                "sha256:b9f7e26e2c5c4c73755a6cd13979cba0fcfa8efcefa68d5baf6766cd86de200f",
                "sha256:bac1442c9c4de1c4d977adaa67a2410838fa8c3150149f32b0596731e0b7babb",
                "sha256:bb7420858e1c0608b895910495c664ac586dadef22cec5a2194e71a8917ec92e",
                "sha256:bbd9419835e8723691c536ca17c5b4f928837a709ca8abb8a25ab5667ae7f081",
                "sha256:bbfa7795782ff5079ddf183ffed6a67ec149a543cb0edf4902f875c31857a8ee",
                "sha256:bc6a436a0cb2e8e78c92d1a98b2cb37bccb05bdf62225c0a1cda482ffa33a71a",
                "sha256:c0c8be6e23c28f98ec5d8f35a638676f983129651a37dc08c676e8edd7f2cf20",
                "sha256:c1ec8154e6e867b2c2a6de9abbe50115d7c2d426d69e7791e1f4337270304497",
                "sha256:c4436edcff0cad586fd265d469696d1058ae4ec6b56cc96b180e2a8bcb3eab44",
                "sha256:c7f7b2f072c8c7ab63c61e7a35f0685fb460600df820b950f2b690b1d4647ee6",
                "sha256:c99ae0e46bd7bec2c66bd1b5a9115911f15935202c55f71d64cd58dede018c52",
                "sha256:ca3278ea46f026400bad43bf2780bb69d851b4931c99996f6d3172d30e224694",
                "sha256:cc0fe1a2a54958ff268d04582b0b942208c7ce020e81f581625b5a0281a0da29",
                "sha256:cc61af2d33b2103af8507c549932fecb41b25e6d5c2916e0da92532378e3d639",
                "sha256:cdd036423e0cd121eee3b5b7ea9e52413409c64537bd5f94bdfa615583229ea3",
                "sha256:d23b6ccbb5244bd853a33428dd9b1e37e187c51ccc98e5a54b202c8ecd9a0780",
                "sha256:d4f5974ada99be1f0222e0e17f5584df07a8ccd8b025b739ae66006127718bb1",
                "sha256:d5ee9f5e7dabc4921abd8b5408fc6f9f330e9383d62fe69b142c403f3632ecd1",
                "sha256:db8bdddb2aaa57a1dfbb7133d431bd2f5c2f67b3638f0fe28f6c63a5ce52a03d",
                "sha256:dc7f4628dafb04aa338bf14535e9db3579796f49bdebb03f9250d0a12b1f36cc",
                "sha256:e0a8518e6b01aa89a274b7a833cde079ace40c16cdd9573a7dfa6166f904a3fb",
                "sha256:e0f65f6d682d72316d877c86b677793abaa65b391a3692767a077faced4b7802",
                "sha256:e19c6fe8ce448402137e8906bb4b4ec193a3152bd492e9bb2889b2ac705e8a17",
                "sha256:e47bc67434a7e76fac34170f8d6091086acc1807fdad8fdf2069b516d73e9e38",
                "sha256:e8aec2d73a622ddf3c532ea860de6aebfaab646a6a6bb6ffeca295de106235e9",
                "sha256:f0190a9b9e30aa448221fb6ca6c9a4359b28ffe769c4a8c08c1d2457e04093c8",
                "sha256:f0ab56e017acaa59de96aa0a8e5f3aab88d3831d873426e003e11d39a91e7a84",
                "sha256:f109a6aba9c235406f994d80083f5680a81b52358102751c23b8f2e1da57b231",
                "sha256:f2be5ec28edf2ba01fd12b1d04ff4c06208bf2a0eb81812db4966eef83bb2d68",
                "sha256:f906b295210d5f6bc8cfe87445e92bc1a290d2b89bff1a74069e3a412eb7602a",
                "sha256:f9d3f645c7c74321273a5851504fab90fbee9e013b1069d066c8aec2613ce4f6",
                "sha256:fb2d1526fa41631673aa92290195b38015e4dea8fb265a7f9a7bb4d17eb98a8f",
                "sha256:fbacb2f79e4dabf3abe25c247bea8000360fd0babb5b87579427310d852c8325",
                "sha256:fde83acf303fe3a73f6ef4841866211c4ec7b4dc94b7439e1079089896efe8e0",
                "sha256:fdfbe910e666c6d8b05356668ee6fee8848bfa09fc5d326e58466c30ef8db6c1",
                "sha256:fea73a50e8f236aa60cb87ccb5a85778e64db8bc7446c3f89226dd79ed23894f"
            ],
            "index": "pypi",
            "markers": "python_version >= '3.6'",
            "version": "==1.3.2"
        },
        "requests": {
            "hashes": [
                "sha256:58cd2187c01e70e6e26505bca751777aa9f2ee0b7f4300988b709f44e013003f",
                "sha256:942c5a758f98d790eaed1a29cb6eefc7ffb0d1cf7af05c3d2791656dbd6ad1e1"
            ],
            "index": "pypi",
            "markers": "python_version >= '3.7'",
            "version": "==2.31.0"
        },
        "sqlparse": {
            "hashes": [
                "sha256:5430a4fe2ac7d0f93e66f1efc6e1338a41884b7ddf2a350cedd20ccc4d9d28f3",
                "sha256:d446183e84b8349fa3061f0fe7f06ca94ba65b426946ffebe6e3e8295332420c"
            ],
            "markers": "python_version >= '3.5'",
            "version": "==0.4.4"
        },
        "typing-extensions": {
            "hashes": [
                "sha256:23478f88c37f27d76ac8aee6c905017a143b0b1b886c3c9f66bc2fd94f9f5783",
                "sha256:af72aea155e91adfc61c3ae9e0e342dbc0cba726d6cba4b6c72c1f34e47291cd"
            ],
            "markers": "python_version < '3.11'",
            "version": "==4.9.0"
        },
        "urllib3": {
            "hashes": [
                "sha256:55901e917a5896a349ff771be919f8bd99aff50b79fe58fec595eb37bbc56bb3",
                "sha256:df7aa8afb0148fa78488e7899b2c59b5f4ffcfa82e6c54ccb9dd37c1d7b52d54"
            ],
            "markers": "python_version >= '3.8'",
            "version": "==2.1.0"
        }
    },
    "develop": {}
}
